
Microsoft Visual Studio Solution File, Format Version 12.00
# Visual Studio 15
VisualStudioVersion = 15.0.28307.1800
MinimumVisualStudioVersion = 10.0.40219.1
Project("{F184B08F-C81C-45F6-A57F-5ABD9991F28F}") = "ConsoleApp2", "ConsoleApp2\ConsoleApp2.vbproj", "{B14AD5D9-F990-4F4F-94CE-1205A721298B}"
EndProject
Project("{FAE04EC0-301F-11D3-BF4B-00C04F79EFBC}") = "mazen", "mazen\mazen.csproj", "{E4ED9192-51ED-4BF9-858B-78D6718C0B76}"
EndProject
Global
	GlobalSection(SolutionConfigurationPlatforms) = preSolution
		Debug|Any CPU = Debug|Any CPU
		Release|Any CPU = Release|Any CPU
	EndGlobalSection
	GlobalSection(ProjectConfigurationPlatforms) = postSolution
		{B14AD5D9-F990-4F4F-94CE-1205A721298B}.Debug|Any CPU.ActiveCfg = Debug|Any CPU
		{B14AD5D9-F990-4F4F-94CE-1205A721298B}.Debug|Any CPU.Build.0 = Debug|Any CPU
		{B14AD5D9-F990-4F4F-94CE-1205A721298B}.Release|Any CPU.ActiveCfg = Release|Any CPU
		{B14AD5D9-F990-4F4F-94CE-1205A721298B}.Release|Any CPU.Build.0 = Release|Any CPU
		{E4ED9192-51ED-4BF9-858B-78D6718C0B76}.Debug|Any CPU.ActiveCfg = Debug|Any CPU
		{E4ED9192-51ED-4BF9-858B-78D6718C0B76}.Debug|Any CPU.Build.0 = Debug|Any CPU
		{E4ED9192-51ED-4BF9-858B-78D6718C0B76}.Release|Any CPU.ActiveCfg = Release|Any CPU
		{E4ED9192-51ED-4BF9-858B-78D6718C0B76}.Release|Any CPU.Build.0 = Release|Any CPU
	EndGlobalSection
	GlobalSection(SolutionProperties) = preSolution
		HideSolutionNode = FALSE
	EndGlobalSection
	GlobalSection(ExtensibilityGlobals) = postSolution
		SolutionGuid = {14F21E93-5C19-4F74-9798-C2356C431092}
	EndGlobalSection
EndGlobal
